{"is_source_file": false, "format": "", "description": "", "external_files": [], "external_methods": [], "published": [], "classes": [], "methods": [], "calls": [], "search-terms": [], "state": 2, "file_id": 11, "knowledge_revision": 28, "git_revision": "ce48a1bc5a0ac8feec5798ce00d82e0c226b1a98", "filename": "/home/kavia/workspace/code-generation/quickplay-mini-games-6303-6313/main_container_for_quickplay_mini_games/post_process_status.lock", "hash": "9c4ed7ef73e22b872b8055bec08b8979", "format-version": 4, "code-base-name": "default", "revision_history": [{"28": "ce48a1bc5a0ac8feec5798ce00d82e0c226b1a98"}]}